
Microsoft Visual Studio Solution File, Format Version 12.00
# Visual Studio 14
VisualStudioVersion = 14.0.25420.1
MinimumVisualStudioVersion = 10.0.40219.1
Project("{FAE04EC0-301F-11D3-BF4B-00C04F79EFBC}") = "WindowsService", "WindowsService\WindowsService.csproj", "{12DE5258-C1EA-48D7-BA36-DDD505C5C3ED}"
EndProject
Project("{FAE04EC0-301F-11D3-BF4B-00C04F79EFBC}") = "ServerHost", "ServerHost\ServerHost.csproj", "{04190ABB-44BB-41A7-B7AE-CF931422D26F}"
EndProject
Project("{FAE04EC0-301F-11D3-BF4B-00C04F79EFBC}") = "Service", "Service\Service.csproj", "{25DB4E11-9F90-4821-9F5C-B3B0676B27F9}"
EndProject
Global
	GlobalSection(SolutionConfigurationPlatforms) = preSolution
		Debug|Any CPU = Debug|Any CPU
		Release|Any CPU = Release|Any CPU
	EndGlobalSection
	GlobalSection(ProjectConfigurationPlatforms) = postSolution
		{12DE5258-C1EA-48D7-BA36-DDD505C5C3ED}.Debug|Any CPU.ActiveCfg = Debug|Any CPU
		{12DE5258-C1EA-48D7-BA36-DDD505C5C3ED}.Debug|Any CPU.Build.0 = Debug|Any CPU
		{12DE5258-C1EA-48D7-BA36-DDD505C5C3ED}.Release|Any CPU.ActiveCfg = Release|Any CPU
		{12DE5258-C1EA-48D7-BA36-DDD505C5C3ED}.Release|Any CPU.Build.0 = Release|Any CPU
		{04190ABB-44BB-41A7-B7AE-CF931422D26F}.Debug|Any CPU.ActiveCfg = Debug|Any CPU
		{04190ABB-44BB-41A7-B7AE-CF931422D26F}.Debug|Any CPU.Build.0 = Debug|Any CPU
		{04190ABB-44BB-41A7-B7AE-CF931422D26F}.Release|Any CPU.ActiveCfg = Release|Any CPU
		{04190ABB-44BB-41A7-B7AE-CF931422D26F}.Release|Any CPU.Build.0 = Release|Any CPU
		{25DB4E11-9F90-4821-9F5C-B3B0676B27F9}.Debug|Any CPU.ActiveCfg = Debug|Any CPU
		{25DB4E11-9F90-4821-9F5C-B3B0676B27F9}.Debug|Any CPU.Build.0 = Debug|Any CPU
		{25DB4E11-9F90-4821-9F5C-B3B0676B27F9}.Release|Any CPU.ActiveCfg = Release|Any CPU
		{25DB4E11-9F90-4821-9F5C-B3B0676B27F9}.Release|Any CPU.Build.0 = Release|Any CPU
	EndGlobalSection
	GlobalSection(SolutionProperties) = preSolution
		HideSolutionNode = FALSE
	EndGlobalSection
EndGlobal
